# THIS IS AN AUTOGENERATED FILE. DO NOT EDIT THIS FILE DIRECTLY.
# yarn lockfile v1


bootstrap-social@^5.1.1:
  version "5.1.1"
  resolved "https://registry.yarnpkg.com/bootstrap-social/-/bootstrap-social-5.1.1.tgz#7530c678adf56cf8fad3fa82c29d4d3e5d027501"
  dependencies:
    bootstrap "~3"
    font-awesome "~4.7"

bootstrap@~3:
  version "3.3.7"
  resolved "https://registry.yarnpkg.com/bootstrap/-/bootstrap-3.3.7.tgz#5a389394549f23330875a3b150656574f8a9eb71"

bootswatch@^4.3.1:
  version "4.6.0"
  resolved "https://registry.yarnpkg.com/bootswatch/-/bootswatch-4.6.0.tgz#295237ed0e118decb3e3543f2ac14e9bb8ae48ea"
  integrity sha512-Yr6YqFBC8jwTzoJoLViYlvO97IhPWGqZEm+6FXHfD/G6gbUok6sZkdXxdh4Zb6iCGEwr9p7zGCn38yKQD/bh2Q==

font-awesome@^4.7.0, font-awesome@~4.7:
  version "4.7.0"
  resolved "https://registry.yarnpkg.com/font-awesome/-/font-awesome-4.7.0.tgz#8fa8cf0411a1a31afd07b06d2902bb9fc815a133"
  integrity sha1-j6jPBBGhoxr9B7BtKQK7n8gVoTM=

fontawesome@^4.7.2:
  version "4.7.2"
  resolved "https://registry.yarnpkg.com/fontawesome/-/fontawesome-4.7.2.tgz#7f0c72ac7a6b029d3375bacb23522d9acfc50a52"
