# THIS IS AN AUTOGENERATED FILE. DO NOT EDIT THIS FILE DIRECTLY.
# yarn lockfile v1


bootstrap-social@^5.1.1:
  version "5.1.1"
  resolved "https://registry.yarnpkg.com/bootstrap-social/-/bootstrap-social-5.1.1.tgz#7530c678adf56cf8fad3fa82c29d4d3e5d027501"
  dependencies:
    bootstrap "~3"
    font-awesome "~4.7"

bootstrap@~3:
  version "3.4.1"
  resolved "https://registry.yarnpkg.com/bootstrap/-/bootstrap-3.4.1.tgz#c3a347d419e289ad11f4033e3c4132b87c081d72"
  integrity sha512-yN5oZVmRCwe5aKwzRj6736nSmKDX7pLYwsXiCj/EYmo16hODaBiT4En5btW/jhBF/seV+XMx3aYwukYC3A49DA==

bootswatch@^4.6.0:
  version "4.6.0"
  resolved "https://registry.yarnpkg.com/bootswatch/-/bootswatch-4.6.0.tgz#295237ed0e118decb3e3543f2ac14e9bb8ae48ea"
  integrity sha512-Yr6YqFBC8jwTzoJoLViYlvO97IhPWGqZEm+6FXHfD/G6gbUok6sZkdXxdh4Zb6iCGEwr9p7zGCn38yKQD/bh2Q==

font-awesome@^4.7.0, font-awesome@~4.7:
  version "4.7.0"
  resolved "https://registry.yarnpkg.com/font-awesome/-/font-awesome-4.7.0.tgz#8fa8cf0411a1a31afd07b06d2902bb9fc815a133"
  integrity sha1-j6jPBBGhoxr9B7BtKQK7n8gVoTM=

fuckadblock@^3.2.1:
  version "3.2.1"
  resolved "https://registry.yarnpkg.com/fuckadblock/-/fuckadblock-3.2.1.tgz#17fa3237a5e15c86613406b911e608191a3e62e2"
  integrity sha1-F/oyN6XhXIZhNAa5EeYIGRo+YuI=
